{
  "version": 1,
  "dependencies": {
    "net9.0-windows7.0": {
      "Chaos.NaCl.Standard": {
        "type": "Direct",
        "requested": "[1.0.0, )",
        "resolved": "1.0.0",
        "contentHash": "8ajPyzu49LSIdPgeg56eDdKu1j8FZJngKgTn9rXHV3GNVly49XFvPAwoWuUT8xPze3OjVUOWQZaO82HWrYFFEw=="
      },
      "DalamudPackager": {
        "type": "Direct",
        "requested": "[13.0.0, )",
        "resolved": "13.0.0",
        "contentHash": "Mb3cUDSK/vDPQ8gQIeuCw03EMYrej1B4J44a1AvIJ9C759p9XeqdU9Hg4WgOmlnlPe0G7ILTD32PKSUpkQNa8w=="
      },
      "DotNet.ReproducibleBuilds": {
        "type": "Direct",
        "requested": "[1.2.25, )",
        "resolved": "1.2.25",
        "contentHash": "xCXiw7BCxHJ8pF6wPepRUddlh2dlQlbr81gXA72hdk4FLHkKXas7EH/n+fk5UCA/YfMqG1Z6XaPiUjDbUNBUzg=="
      },
      "Downloader": {
        "type": "Direct",
        "requested": "[3.3.4, )",
        "resolved": "3.3.4",
        "contentHash": "/M/c80e1L0WW1XrLSSiQhgFxk8rrfbpWiWDn2CeBg1tPD393Neo+v184yG/ThyhE9rrNp36yCrugiCmEbRf+VQ==",
        "dependencies": {
          "Microsoft.Extensions.Logging.Abstractions": "8.0.1"
        }
      },
      "Glamourer.Api": {
        "type": "Direct",
        "requested": "[2.6.0, )",
        "resolved": "2.6.0",
        "contentHash": "zysCZgNBRm3k3qvibyw/31MmEckX0Uh0ZsT+Sax3ZHnYIRELr9Qhbz3cjJz7u0RHGIrNJiRpktu/LxgHEqDItw=="
      },
      "K4os.Compression.LZ4.Legacy": {
        "type": "Direct",
        "requested": "[1.3.8, )",
        "resolved": "1.3.8",
        "contentHash": "+82CK5zXbGjMnVLm2JJpsSAz3+4CRcMmxUDOmehUh1bDjrmpnc5VHxB14hiV1lXtqe53lNI+O76BQvgWhgI66g==",
        "dependencies": {
          "K4os.Compression.LZ4": "1.3.8"
        }
      },
      "K4os.Compression.LZ4.Streams": {
        "type": "Direct",
        "requested": "[1.3.8, )",
        "resolved": "1.3.8",
        "contentHash": "P15qr8dZAeo9GvYbUIPEYFQ0MEJ0i5iqr37wsYeRC3la2uCldOoeCa6to0CZ1taiwxIV+Mk8NGuZi+4iWivK9w==",
        "dependencies": {
          "K4os.Compression.LZ4": "1.3.8",
          "K4os.Hash.xxHash": "1.0.8",
          "System.IO.Pipelines": "6.0.3"
        }
      },
      "Meziantou.Analyzer": {
        "type": "Direct",
        "requested": "[2.0.212, )",
        "resolved": "2.0.212",
        "contentHash": "U91ktjjTRTccUs3Lk+hrLD9vW+2+lhnsOf4G1GpRSJi1pLn3uK5CU6wGP9Bmz1KlJs6Oz1GGoMhxQBoqQsmAuQ=="
      },
      "Microsoft.AspNetCore.SignalR.Client": {
        "type": "Direct",
        "requested": "[9.0.8, )",
        "resolved": "9.0.8",
        "contentHash": "cO+TZaWdhMn2cIYfPH9oFZaisJrx7X6SBAYdmGektPUAW2BYtMbH4HyLOnJ5CYo42zP9WgqhWHKqmoDm7+Ol5w==",
        "dependencies": {
          "Microsoft.AspNetCore.Http.Connections.Client": "9.0.8",
          "Microsoft.AspNetCore.SignalR.Client.Core": "9.0.8"
        }
      },
      "Microsoft.AspNetCore.SignalR.Protocols.MessagePack": {
        "type": "Direct",
        "requested": "[9.0.8, )",
        "resolved": "9.0.8",
        "contentHash": "e6SC/Tp+SZKeEVYdu8blz9q4MkFW08D56IkQv9V3perF3a7v+GgGZ0DAY/HRS9zBuhFrqpXhJvxeHMw3PJLcOg==",
        "dependencies": {
          "MessagePack": "2.5.187",
          "Microsoft.AspNetCore.SignalR.Common": "9.0.8"
        }
      },
      "Microsoft.Extensions.Hosting": {
        "type": "Direct",
        "requested": "[9.0.8, )",
        "resolved": "9.0.8",
        "contentHash": "O2VlzORrBbS2it203k5FOHrudDdmdrJovA73P/shdRGeLzvet4e4yXhGx52V2PNjYBQ0IO5M4xiNcL+6xIX6Bg==",
        "dependencies": {
          "Microsoft.Extensions.Configuration": "9.0.8",
          "Microsoft.Extensions.Configuration.Abstractions": "9.0.8",
          "Microsoft.Extensions.Configuration.Binder": "9.0.8",
          "Microsoft.Extensions.Configuration.CommandLine": "9.0.8",
          "Microsoft.Extensions.Configuration.EnvironmentVariables": "9.0.8",
          "Microsoft.Extensions.Configuration.FileExtensions": "9.0.8",
          "Microsoft.Extensions.Configuration.Json": "9.0.8",
          "Microsoft.Extensions.Configuration.UserSecrets": "9.0.8",
          "Microsoft.Extensions.DependencyInjection": "9.0.8",
          "Microsoft.Extensions.DependencyInjection.Abstractions": "9.0.8",
          "Microsoft.Extensions.Diagnostics": "9.0.8",
          "Microsoft.Extensions.FileProviders.Abstractions": "9.0.8",
          "Microsoft.Extensions.FileProviders.Physical": "9.0.8",
          "Microsoft.Extensions.Hosting.Abstractions": "9.0.8",
          "Microsoft.Extensions.Logging": "9.0.8",
          "Microsoft.Extensions.Logging.Abstractions": "9.0.8",
          "Microsoft.Extensions.Logging.Configuration": "9.0.8",
          "Microsoft.Extensions.Logging.Console": "9.0.8",
          "Microsoft.Extensions.Logging.Debug": "9.0.8",
          "Microsoft.Extensions.Logging.EventLog": "9.0.8",
          "Microsoft.Extensions.Logging.EventSource": "9.0.8",
          "Microsoft.Extensions.Options": "9.0.8"
        }
      },
      "Penumbra.Api": {
        "type": "Direct",
        "requested": "[5.10.0, )",
        "resolved": "5.10.0",
        "contentHash": "ZRIIXQCluNlLoI4I4gNYuYXqb7p48OR1P2/LcL27owToR/A/IG0mH8Ks2HguB/Kjq4RpCinaVkyufpGxGspbTA=="
      },
      "SonarAnalyzer.CSharp": {
        "type": "Direct",
        "requested": "[10.15.0.120848, )",
        "resolved": "10.15.0.120848",
        "contentHash": "1hM3HVRl5jdC/ZBDu+G7CCYLXRGe/QaP01Zy+c9ETPhY7lWD8g8HiefY6sGaH0T3CJ4wAy0/waGgQTh0TYy0oQ=="
      },
      "System.IdentityModel.Tokens.Jwt": {
        "type": "Direct",
        "requested": "[8.14.0, )",
        "resolved": "8.14.0",
        "contentHash": "EYGgN/S+HK7S6F3GaaPLFAfK0UzMrkXFyWCvXpQWFYmZln3dqtbyIO7VuTM/iIIPMzkelg8ZLlBPvMhxj6nOAA==",
        "dependencies": {
          "Microsoft.IdentityModel.JsonWebTokens": "8.14.0",
          "Microsoft.IdentityModel.Tokens": "8.14.0"
        }
      },
      "K4os.Compression.LZ4": {
        "type": "Transitive",
        "resolved": "1.3.8",
        "contentHash": "LhwlPa7c1zs1OV2XadMtAWdImjLIsqFJPoRcIWAadSRn0Ri1DepK65UbWLPmt4riLqx2d40xjXRk0ogpqNtK7g=="
      },
      "K4os.Hash.xxHash": {
        "type": "Transitive",
        "resolved": "1.0.8",
        "contentHash": "Wp2F7BamQ2Q/7Hk834nV9vRQapgcr8kgv9Jvfm8J3D0IhDqZMMl+a2yxUq5ltJitvXvQfB8W6K4F4fCbw/P6YQ=="
      },
      "MessagePack": {
        "type": "Transitive",
        "resolved": "2.5.187",
        "contentHash": "uW4j8m4Nc+2Mk5n6arOChavJ9bLjkis0qWASOj2h2OwmfINuzYv+mjCHUymrYhmyyKTu3N+ObtTXAY4uQ7jIhg==",
        "dependencies": {
          "MessagePack.Annotations": "2.5.187",
          "Microsoft.NET.StringTools": "17.6.3"
        }
      },
      "MessagePack.Annotations": {
        "type": "Transitive",
        "resolved": "2.5.198",
        "contentHash": "3U9OvqQGTra+Mz1k1zfNAScSdNHobnqtQ51qdMGUZppkNDZJl0X/igq6Qz5zDBLEZoYqZrFtZwFx6wBJHHI8BA=="
      },
      "Microsoft.AspNetCore.Connections.Abstractions": {
        "type": "Transitive",
        "resolved": "9.0.8",
        "contentHash": "mONfcKx7I4h6Rg+3b20bRyuy/GWz2yLsCNzKKqh1X4OfxnI7l0rdSxBwO203ebZFhjrdXnqMl7Op0N1FQ1Q5DQ==",
        "dependencies": {
          "Microsoft.Extensions.Features": "9.0.8"
        }
      },
      "Microsoft.AspNetCore.Http.Connections.Client": {
        "type": "Transitive",
        "resolved": "9.0.8",
        "contentHash": "Ob2n+H3358kvubgXu9hY95MZB6X91PUGJvtWaHGEX7eZ+9bYdUCYs57ukJiIziH+aD9yO9e36bgKIT1WJEtfmA==",
        "dependencies": {
          "Microsoft.AspNetCore.Http.Connections.Common": "9.0.8",
          "Microsoft.Extensions.Logging.Abstractions": "9.0.8",
          "Microsoft.Extensions.Options": "9.0.8",
          "System.Net.ServerSentEvents": "9.0.8"
        }
      },
      "Microsoft.AspNetCore.Http.Connections.Common": {
        "type": "Transitive",
        "resolved": "9.0.8",
        "contentHash": "150BRlecnjL+6C+yw/bDP49+ONh7BmaJZTRik6KtbaS+cWnEDVXnhE5PTKlFqCYBD5T8wdjKoF5+lzKHJUK47A==",
        "dependencies": {
          "Microsoft.AspNetCore.Connections.Abstractions": "9.0.8"
        }
      },
      "Microsoft.AspNetCore.SignalR.Client.Core": {
        "type": "Transitive",
        "resolved": "9.0.8",
        "contentHash": "EZ4KaPVQ9rDxZYWQ1sYiPfXEbomhKwp5Fn/0q1XtOgTilV/nN2lgA06KTofVJSeVVRwYdlZggflcQNcKCG0xcg==",
        "dependencies": {
          "Microsoft.AspNetCore.SignalR.Common": "9.0.8",
          "Microsoft.AspNetCore.SignalR.Protocols.Json": "9.0.8",
          "Microsoft.Extensions.DependencyInjection": "9.0.8",
          "Microsoft.Extensions.Logging": "9.0.8",
          "System.Threading.Channels": "9.0.8"
        }
      },
      "Microsoft.AspNetCore.SignalR.Common": {
        "type": "Transitive",
        "resolved": "9.0.8",
        "contentHash": "oNOEDf2UGLU63Qi7LB8OJdfG1CGybVO34bhotpkvAQUJ5zH8Ewf7EvqeHlUgg6cVyrdC+vewOFxTysw212FTyw==",
        "dependencies": {
          "Microsoft.AspNetCore.Connections.Abstractions": "9.0.8",
          "Microsoft.Extensions.Options": "9.0.8"
        }
      },
      "Microsoft.AspNetCore.SignalR.Protocols.Json": {
        "type": "Transitive",
        "resolved": "9.0.8",
        "contentHash": "9LtBkzS2iYOSiUx1NDI91abM5xxD5MUYtdlvwCtMMr6YdsMzHvDUrgPK2N3hpYE94vmj0srt423Kwd1aOqmGPg==",
        "dependencies": {
          "Microsoft.AspNetCore.SignalR.Common": "9.0.8"
        }
      },
      "Microsoft.Extensions.Configuration": {
        "type": "Transitive",
        "resolved": "9.0.8",
        "contentHash": "6m+8Xgmf8UWL0p/oGqBM+0KbHE5/ePXbV1hKXgC59zEv0aa0DW5oiiyxDbK5kH5j4gIvyD5uWL0+HadKBJngvQ==",
        "dependencies": {
          "Microsoft.Extensions.Configuration.Abstractions": "9.0.8",
          "Microsoft.Extensions.Primitives": "9.0.8"
        }
      },
      "Microsoft.Extensions.Configuration.Abstractions": {
        "type": "Transitive",
        "resolved": "9.0.8",
        "contentHash": "yNou2KM35RvzOh4vUFtl2l33rWPvOCoba+nzEDJ+BgD8aOL/jew4WPCibQvntRfOJ2pJU8ARygSMD+pdjvDHuA==",
        "dependencies": {
          "Microsoft.Extensions.Primitives": "9.0.8"
        }
      },
      "Microsoft.Extensions.Configuration.Binder": {
        "type": "Transitive",
        "resolved": "9.0.8",
        "contentHash": "0vK9DnYrYChdiH3yRZWkkp4x4LbrfkWEdBc5HOsQ8t/0CLOWKXKkkhOE8A1shlex0hGydbGrhObeypxz/QTm+w==",
        "dependencies": {
          "Microsoft.Extensions.Configuration.Abstractions": "9.0.8"
        }
      },
      "Microsoft.Extensions.Configuration.CommandLine": {
        "type": "Transitive",
        "resolved": "9.0.8",
        "contentHash": "vB6eDQ5prED5jHBqmSDNYzlCXsTSylYY7co9c7guhnz0zhx+jZ8BTHgO7y/Wl1dV2jAO15mKNWuyHRIRtWwGQg==",
        "dependencies": {
          "Microsoft.Extensions.Configuration": "9.0.8",
          "Microsoft.Extensions.Configuration.Abstractions": "9.0.8"
        }
      },
      "Microsoft.Extensions.Configuration.EnvironmentVariables": {
        "type": "Transitive",
        "resolved": "9.0.8",
        "contentHash": "9qileEYXDodlPN9DfPd5sHSfU2nSrI1r5BHVqLaLyb/7mPi335cy4ar/0ix4tXb2Aer/Pu4e5/zdwxt7lrtSyQ==",
        "dependencies": {
          "Microsoft.Extensions.Configuration": "9.0.8",
          "Microsoft.Extensions.Configuration.Abstractions": "9.0.8"
        }
      },
      "Microsoft.Extensions.Configuration.FileExtensions": {
        "type": "Transitive",
        "resolved": "9.0.8",
        "contentHash": "2jgx58Jpk3oKT7KRn8x/cFf3QDTjQP+KUbyBnynAcB2iBx1Eq9EdNMCu0QEbYuaZOaQru/Kwdffary+hn58Wwg==",
        "dependencies": {
          "Microsoft.Extensions.Configuration": "9.0.8",
          "Microsoft.Extensions.Configuration.Abstractions": "9.0.8",
          "Microsoft.Extensions.FileProviders.Abstractions": "9.0.8",
          "Microsoft.Extensions.FileProviders.Physical": "9.0.8",
          "Microsoft.Extensions.Primitives": "9.0.8"
        }
      },
      "Microsoft.Extensions.Configuration.Json": {
        "type": "Transitive",
        "resolved": "9.0.8",
        "contentHash": "vjxzcnL7ul322+kpvELisXaZl8/5MYs6JfI9DZLQWsao1nA/4FL48yPwDK986hbJTWc64JxOOaMym0SQ/dy32w==",
        "dependencies": {
          "Microsoft.Extensions.Configuration": "9.0.8",
          "Microsoft.Extensions.Configuration.Abstractions": "9.0.8",
          "Microsoft.Extensions.Configuration.FileExtensions": "9.0.8",
          "Microsoft.Extensions.FileProviders.Abstractions": "9.0.8"
        }
      },
      "Microsoft.Extensions.Configuration.UserSecrets": {
        "type": "Transitive",
        "resolved": "9.0.8",
        "contentHash": "UgH18nQkuMJgxjn1539I83N6LhnKQlLhQm3ppe+PGsFpYsC6eGpF/1KvDRm/bmqsrg0NXhurrv4k2r0e8vWX/Q==",
        "dependencies": {
          "Microsoft.Extensions.Configuration.Abstractions": "9.0.8",
          "Microsoft.Extensions.Configuration.Json": "9.0.8",
          "Microsoft.Extensions.FileProviders.Abstractions": "9.0.8",
          "Microsoft.Extensions.FileProviders.Physical": "9.0.8"
        }
      },
      "Microsoft.Extensions.DependencyInjection": {
        "type": "Transitive",
        "resolved": "9.0.8",
        "contentHash": "JJjI2Fa+QtZcUyuNjbKn04OjIUX5IgFGFu/Xc+qvzh1rXdZHLcnqqVXhR4093bGirTwacRlHiVg1XYI9xum6QQ==",
        "dependencies": {
          "Microsoft.Extensions.DependencyInjection.Abstractions": "9.0.8"
        }
      },
      "Microsoft.Extensions.DependencyInjection.Abstractions": {
        "type": "Transitive",
        "resolved": "9.0.8",
        "contentHash": "xY3lTjj4+ZYmiKIkyWitddrp1uL5uYiweQjqo4BKBw01ZC4HhcfgLghDpPZcUlppgWAFqFy9SgkiYWOMx365pw=="
      },
      "Microsoft.Extensions.Diagnostics": {
        "type": "Transitive",
        "resolved": "9.0.8",
        "contentHash": "BKkLCFXzJvNmdngeYBf72VXoZqTJSb1orvjdzDLaGobicoGFBPW8ug2ru1nnEewMEwJzMgnsjHQY8EaKWmVhKg==",
        "dependencies": {
          "Microsoft.Extensions.Configuration": "9.0.8",
          "Microsoft.Extensions.Diagnostics.Abstractions": "9.0.8",
          "Microsoft.Extensions.Options.ConfigurationExtensions": "9.0.8"
        }
      },
      "Microsoft.Extensions.Diagnostics.Abstractions": {
        "type": "Transitive",
        "resolved": "9.0.8",
        "contentHash": "UDY7blv4DCyIJ/8CkNrQKLaAZFypXQavRZ2DWf/2zi1mxYYKKw2t8AOCBWxNntyPZHPGhtEmL3snFM98ADZqTw==",
        "dependencies": {
          "Microsoft.Extensions.DependencyInjection.Abstractions": "9.0.8",
          "Microsoft.Extensions.Options": "9.0.8"
        }
      },
      "Microsoft.Extensions.Features": {
        "type": "Transitive",
        "resolved": "9.0.8",
        "contentHash": "oyPrbpRFa0uWik3PMwpK1mbAr+inZTEkaBsnMjHyT74YN0ot6knA7OnyFLg+oM4MwW5PZIS4HHW9efy0+gj+oQ=="
      },
      "Microsoft.Extensions.FileProviders.Abstractions": {
        "type": "Transitive",
        "resolved": "9.0.8",
        "contentHash": "4zZbQ4w+hCMm9J+z5NOj3giIPT2MhZxx05HX/MGuAmDBbjOuXlYIIRN+t4V6OLxy5nXZIcXO+dQMB/OWubuDkw==",
        "dependencies": {
          "Microsoft.Extensions.Primitives": "9.0.8"
        }
      },
      "Microsoft.Extensions.FileProviders.Physical": {
        "type": "Transitive",
        "resolved": "9.0.8",
        "contentHash": "FlOe2i7UUIfY0l0ChaIYtlXjdWWutR4DMRKZaGD6z4G1uVTteFkbBfxUIoi1uGmrZQxXe/yv/cfwiT0tK2xyXA==",
        "dependencies": {
          "Microsoft.Extensions.FileProviders.Abstractions": "9.0.8",
          "Microsoft.Extensions.FileSystemGlobbing": "9.0.8",
          "Microsoft.Extensions.Primitives": "9.0.8"
        }
      },
      "Microsoft.Extensions.FileSystemGlobbing": {
        "type": "Transitive",
        "resolved": "9.0.8",
        "contentHash": "96Ub5LmwYfIGVoXkbe4kjs+ivK6fLBTwKJAOMfUNV0R+AkZRItlgROFqXEWMUlXBTPM1/kKu26Ueu5As6RDzJA=="
      },
      "Microsoft.Extensions.Hosting.Abstractions": {
        "type": "Transitive",
        "resolved": "9.0.8",
        "contentHash": "WNrad20tySNCPe9aJUK7Wfwh+RiyLF+id02FKW8Qfc+HAzNQHazcqMXAbwG/kmbS89uvan/nKK1MufkRahjrJA==",
        "dependencies": {
          "Microsoft.Extensions.Configuration.Abstractions": "9.0.8",
          "Microsoft.Extensions.DependencyInjection.Abstractions": "9.0.8",
          "Microsoft.Extensions.Diagnostics.Abstractions": "9.0.8",
          "Microsoft.Extensions.FileProviders.Abstractions": "9.0.8",
          "Microsoft.Extensions.Logging.Abstractions": "9.0.8"
        }
      },
      "Microsoft.Extensions.Logging": {
        "type": "Transitive",
        "resolved": "9.0.8",
        "contentHash": "Z/7ze+0iheT7FJeZPqJKARYvyC2bmwu3whbm/48BJjdlGVvgDguoCqJIkI/67NkroTYobd5geai1WheNQvWrgA==",
        "dependencies": {
          "Microsoft.Extensions.DependencyInjection": "9.0.8",
          "Microsoft.Extensions.Logging.Abstractions": "9.0.8",
          "Microsoft.Extensions.Options": "9.0.8"
        }
      },
      "Microsoft.Extensions.Logging.Abstractions": {
        "type": "Transitive",
        "resolved": "9.0.8",
        "contentHash": "pYnAffJL7ARD/HCnnPvnFKSIHnTSmWz84WIlT9tPeQ4lHNiu0Az7N/8itihWvcF8sT+VVD5lq8V+ckMzu4SbOw==",
        "dependencies": {
          "Microsoft.Extensions.DependencyInjection.Abstractions": "9.0.8"
        }
      },
      "Microsoft.Extensions.Logging.Configuration": {
        "type": "Transitive",
        "resolved": "9.0.8",
        "contentHash": "Us4evDN3lbp1beVgrpxkSXKrbntVGAK+YbSo9P9driiU9PK05+ShhgesJ3aj7SuDfr3mqqcEgrMJ87Vu8t5dhw==",
        "dependencies": {
          "Microsoft.Extensions.Configuration": "9.0.8",
          "Microsoft.Extensions.Configuration.Abstractions": "9.0.8",
          "Microsoft.Extensions.Configuration.Binder": "9.0.8",
          "Microsoft.Extensions.DependencyInjection.Abstractions": "9.0.8",
          "Microsoft.Extensions.Logging": "9.0.8",
          "Microsoft.Extensions.Logging.Abstractions": "9.0.8",
          "Microsoft.Extensions.Options": "9.0.8",
          "Microsoft.Extensions.Options.ConfigurationExtensions": "9.0.8"
        }
      },
      "Microsoft.Extensions.Logging.Console": {
        "type": "Transitive",
        "resolved": "9.0.8",
        "contentHash": "mPp9xB9MjiPuodh9z/+6zEGNj2kSVeXQtdbIBHlhUYqxX22gzJkx0ycPY42q4/OT/SzFV/TJ989Pa3sA/8ZBeA==",
        "dependencies": {
          "Microsoft.Extensions.DependencyInjection.Abstractions": "9.0.8",
          "Microsoft.Extensions.Logging": "9.0.8",
          "Microsoft.Extensions.Logging.Abstractions": "9.0.8",
          "Microsoft.Extensions.Logging.Configuration": "9.0.8",
          "Microsoft.Extensions.Options": "9.0.8"
        }
      },
      "Microsoft.Extensions.Logging.Debug": {
        "type": "Transitive",
        "resolved": "9.0.8",
        "contentHash": "OwHQFVITsONEoizShc1yNYTUvMq0kT9j/LhwAKMsA7OZqtrBXuqjosbSvzkJZ9o+KWAozDh5Y1Vtpe5p/8/1qA==",
        "dependencies": {
          "Microsoft.Extensions.DependencyInjection.Abstractions": "9.0.8",
          "Microsoft.Extensions.Logging": "9.0.8",
          "Microsoft.Extensions.Logging.Abstractions": "9.0.8"
        }
      },
      "Microsoft.Extensions.Logging.EventLog": {
        "type": "Transitive",
        "resolved": "9.0.8",
        "contentHash": "/gMwlll21UJcaXlitUqd+rs9jH36EJz5BpFVPshyOqz5u0qyV1pFnTWm5vhyx+g6gwVYENSLgpazR1urNv83xw==",
        "dependencies": {
          "Microsoft.Extensions.DependencyInjection.Abstractions": "9.0.8",
          "Microsoft.Extensions.Logging": "9.0.8",
          "Microsoft.Extensions.Logging.Abstractions": "9.0.8",
          "Microsoft.Extensions.Options": "9.0.8",
          "System.Diagnostics.EventLog": "9.0.8"
        }
      },
      "Microsoft.Extensions.Logging.EventSource": {
        "type": "Transitive",
        "resolved": "9.0.8",
        "contentHash": "aGMFc/1P+315d07iyxSe6lEoZ0JjOPJ+Mfv9rrV2PvR2DFu1/pSi/SItHw1iChJOZgslNKJE97g1a9nLX3qQYA==",
        "dependencies": {
          "Microsoft.Extensions.DependencyInjection.Abstractions": "9.0.8",
          "Microsoft.Extensions.Logging": "9.0.8",
          "Microsoft.Extensions.Logging.Abstractions": "9.0.8",
          "Microsoft.Extensions.Options": "9.0.8",
          "Microsoft.Extensions.Primitives": "9.0.8"
        }
      },
      "Microsoft.Extensions.Options": {
        "type": "Transitive",
        "resolved": "9.0.8",
        "contentHash": "OmTaQ0v4gxGQkehpwWIqPoEiwsPuG/u4HUsbOFoWGx4DKET2AXzopnFe/fE608FIhzc/kcg2p8JdyMRCCUzitQ==",
        "dependencies": {
          "Microsoft.Extensions.DependencyInjection.Abstractions": "9.0.8",
          "Microsoft.Extensions.Primitives": "9.0.8"
        }
      },
      "Microsoft.Extensions.Options.ConfigurationExtensions": {
        "type": "Transitive",
        "resolved": "9.0.8",
        "contentHash": "eW2s6n06x0w6w4nsX+SvpgsFYkl+Y0CttYAt6DKUXeqprX+hzNqjSfOh637fwNJBg7wRBrOIRHe49gKiTgJxzQ==",
        "dependencies": {
          "Microsoft.Extensions.Configuration.Abstractions": "9.0.8",
          "Microsoft.Extensions.Configuration.Binder": "9.0.8",
          "Microsoft.Extensions.DependencyInjection.Abstractions": "9.0.8",
          "Microsoft.Extensions.Options": "9.0.8",
          "Microsoft.Extensions.Primitives": "9.0.8"
        }
      },
      "Microsoft.Extensions.Primitives": {
        "type": "Transitive",
        "resolved": "9.0.8",
        "contentHash": "tizSIOEsIgSNSSh+hKeUVPK7xmTIjR8s+mJWOu1KXV3htvNQiPMFRMO17OdI1y/4ZApdBVk49u/08QGC9yvLug=="
      },
      "Microsoft.IdentityModel.Abstractions": {
        "type": "Transitive",
        "resolved": "8.14.0",
        "contentHash": "iwbCpSjD3ehfTwBhtSNEtKPK0ICun6ov7Ibx6ISNA9bfwIyzI2Siwyi9eJFCJBwxowK9xcA1mj+jBWiigeqgcQ=="
      },
      "Microsoft.IdentityModel.JsonWebTokens": {
        "type": "Transitive",
        "resolved": "8.14.0",
        "contentHash": "4jOpiA4THdtpLyMdAb24dtj7+6GmvhOhxf5XHLYWmPKF8ApEnApal1UnJsKO4HxUWRXDA6C4WQVfYyqsRhpNpQ==",
        "dependencies": {
          "Microsoft.IdentityModel.Tokens": "8.14.0"
        }
      },
      "Microsoft.IdentityModel.Logging": {
        "type": "Transitive",
        "resolved": "8.14.0",
        "contentHash": "eqqnemdW38CKZEHS6diA50BV94QICozDZEvSrsvN3SJXUFwVB9gy+/oz76gldP7nZliA16IglXjXTCTdmU/Ejg==",
        "dependencies": {
          "Microsoft.IdentityModel.Abstractions": "8.14.0"
        }
      },
      "Microsoft.IdentityModel.Tokens": {
        "type": "Transitive",
        "resolved": "8.14.0",
        "contentHash": "lKIZiBiGd36k02TCdMHp1KlNWisyIvQxcYJvIkz7P4gSQ9zi8dgh6S5Grj8NNG7HWYIPfQymGyoZ6JB5d1Lo1g==",
        "dependencies": {
          "Microsoft.Extensions.Logging.Abstractions": "8.0.0",
          "Microsoft.IdentityModel.Logging": "8.14.0"
        }
      },
      "Microsoft.NET.StringTools": {
        "type": "Transitive",
        "resolved": "17.6.3",
        "contentHash": "N0ZIanl1QCgvUumEL1laasU0a7sOE5ZwLZVTn0pAePnfhq8P7SvTjF8Axq+CnavuQkmdQpGNXQ1efZtu5kDFbA=="
      },
      "System.Diagnostics.EventLog": {
        "type": "Transitive",
        "resolved": "9.0.8",
        "contentHash": "gebRF3JLLJ76jz1CQpvwezNapZUjFq20JQsaGHzBH0DzlkHBLpdhwkOei9usiOkIGMwU/L0ALWpNe1JE+5/itw=="
      },
      "System.IO.Pipelines": {
        "type": "Transitive",
        "resolved": "6.0.3",
        "contentHash": "ryTgF+iFkpGZY1vRQhfCzX0xTdlV3pyaTTqRu2ETbEv+HlV7O6y7hyQURnghNIXvctl5DuZ//Dpks6HdL/Txgw=="
      },
      "System.Net.ServerSentEvents": {
        "type": "Transitive",
        "resolved": "9.0.8",
        "contentHash": "wrpra4YvKXL7VdsQMKPcPxyA8pXK22LcxaKGA8oEndgjLZ1ZSdKXTxEA2cPvvNpMEUBwZlgJ6oZYQ8aJcpapPg=="
      },
      "System.Threading.Channels": {
        "type": "Transitive",
        "resolved": "9.0.8",
        "contentHash": "kpvkzWJoHR9os3/4LL5feaTTLD92+XzTqPyYLU2tw2BoJ4MrWCfkjGXtL7MsdpV/20e1+SamCbrPj2L9ptwgBA=="
      },
      "maresynchronos.api": {
        "type": "Project",
        "dependencies": {
          "MessagePack.Annotations": "[2.5.198, )"
        }
      }
    }
  }
}